
Microsoft Visual Studio Solution File, Format Version 12.00
# Visual Studio Version 17
VisualStudioVersion = 17.0.31903.59
MinimumVisualStudioVersion = 10.0.40219.1
Project("{FAE04EC0-301F-11D3-BF4B-00C04F79EFBC}") = "RefactoringKata", "RefactoringKata\RefactoringKata.csproj", "{E5F658D9-5319-433A-ACF6-B7DABEECEFAD}"
EndProject
Project("{FAE04EC0-301F-11D3-BF4B-00C04F79EFBC}") = "RefactoringKata.Tests", "RefactoringKata.Tests\RefactoringKata.Tests.csproj", "{CDB547D2-8A5B-4B35-ADB9-2DC6D9317994}"
EndProject
Global
	GlobalSection(SolutionConfigurationPlatforms) = preSolution
		Debug|Any CPU = Debug|Any CPU
		Release|Any CPU = Release|Any CPU
	EndGlobalSection
	GlobalSection(ProjectConfigurationPlatforms) = postSolution
		{E5F658D9-5319-433A-ACF6-B7DABEECEFAD}.Debug|Any CPU.ActiveCfg = Debug|Any CPU
		{E5F658D9-5319-433A-ACF6-B7DABEECEFAD}.Debug|Any CPU.Build.0 = Debug|Any CPU
		{E5F658D9-5319-433A-ACF6-B7DABEECEFAD}.Release|Any CPU.ActiveCfg = Release|Any CPU
		{E5F658D9-5319-433A-ACF6-B7DABEECEFAD}.Release|Any CPU.Build.0 = Release|Any CPU
		{CDB547D2-8A5B-4B35-ADB9-2DC6D9317994}.Debug|Any CPU.ActiveCfg = Debug|Any CPU
		{CDB547D2-8A5B-4B35-ADB9-2DC6D9317994}.Debug|Any CPU.Build.0 = Debug|Any CPU
		{CDB547D2-8A5B-4B35-ADB9-2DC6D9317994}.Release|Any CPU.ActiveCfg = Release|Any CPU
		{CDB547D2-8A5B-4B35-ADB9-2DC6D9317994}.Release|Any CPU.Build.0 = Release|Any CPU
	EndGlobalSection
	GlobalSection(SolutionProperties) = preSolution
		HideSolutionNode = FALSE
	EndGlobalSection
EndGlobal
